// !$*UTF8*$!
{
	archiveVersion = 1;
	classes = {
	};
	objectVersion = 56;
	objects = {

/* Begin PBXBuildFile section */
		320AAA0128FC16B700EC7C8A /* AppDelegate.swift in Sources */ = {isa = PBXBuildFile; fileRef = 320AAA0028FC16B700EC7C8A /* AppDelegate.swift */; };
		320AAA0328FC16B700EC7C8A /* SceneDelegate.swift in Sources */ = {isa = PBXBuildFile; fileRef = 320AAA0228FC16B700EC7C8A /* SceneDelegate.swift */; };
		320AAA0528FC16B700EC7C8A /* ViewController.swift in Sources */ = {isa = PBXBuildFile; fileRef = 320AAA0428FC16B700EC7C8A /* ViewController.swift */; };
		320AAA0828FC16B700EC7C8A /* Main.storyboard in Resources */ = {isa = PBXBuildFile; fileRef = 320AAA0628FC16B700EC7C8A /* Main.storyboard */; };
		320AAA0A28FC16BC00EC7C8A /* Assets.xcassets in Resources */ = {isa = PBXBuildFile; fileRef = 320AAA0928FC16BC00EC7C8A /* Assets.xcassets */; };
		320AAA0D28FC16BC00EC7C8A /* LaunchScreen.storyboard in Resources */ = {isa = PBXBuildFile; fileRef = 320AAA0B28FC16BC00EC7C8A /* LaunchScreen.storyboard */; };
		32B17EBB28FC287700482C4F /* imageCellView.swift in Sources */ = {isa = PBXBuildFile; fileRef = 32B17EBA28FC287700482C4F /* imageCellView.swift */; };
/* End PBXBuildFile section */

/* Begin PBXFileReference section */
		320AA9FD28FC16B700EC7C8A /* Imageverse.app */ = {isa = PBXFileReference; explicitFileType = wrapper.application; includeInIndex = 0; path = Imageverse.app; sourceTree = BUILT_PRODUCTS_DIR; };
		320AAA0028FC16B700EC7C8A /* AppDelegate.swift */ = {isa = PBXFileReference; lastKnownFileType = sourcecode.swift; path = AppDelegate.swift; sourceTree = "<group>"; };
		320AAA0228FC16B700EC7C8A /* SceneDelegate.swift */ = {isa = PBXFileReference; lastKnownFileType = sourcecode.swift; path = SceneDelegate.swift; sourceTree = "<group>"; };
		320AAA0428FC16B700EC7C8A /* ViewController.swift */ = {isa = PBXFileReference; lastKnownFileType = sourcecode.swift; path = ViewController.swift; sourceTree = "<group>"; };
		320AAA0728FC16B700EC7C8A /* Base */ = {isa = PBXFileReference; lastKnownFileType = file.storyboard; name = Base; path = Base.lproj/Main.storyboard; sourceTree = "<group>"; };
		320AAA0928FC16BC00EC7C8A /* Assets.xcassets */ = {isa = PBXFileReference; lastKnownFileType = folder.assetcatalog; path = Assets.xcassets; sourceTree = "<group>"; };
		320AAA0C28FC16BC00EC7C8A /* Base */ = {isa = PBXFileReference; lastKnownFileType = file.storyboard; name = Base; path = Base.lproj/LaunchScreen.storyboard; sourceTree = "<group>"; };
		320AAA0E28FC16BC00EC7C8A /* Info.plist */ = {isa = PBXFileReference; lastKnownFileType = text.plist.xml; path = Info.plist; sourceTree = "<group>"; };
		32B17EBA28FC287700482C4F /* imageCellView.swift */ = {isa = PBXFileReference; lastKnownFileType = sourcecode.swift; name = imageCellView.swift; path = ../../../../Documents/imageCellView.swift; sourceTree = "<group>"; };
/* End PBXFileReference section */

/* Begin PBXFrameworksBuildPhase section */
		320AA9FA28FC16B700EC7C8A /* Frameworks */ = {
			isa = PBXFrameworksBuildPhase;
			buildActionMask = 2147483647;
			files = (
			);
			runOnlyForDeploymentPostprocessing = 0;
		};
/* End PBXFrameworksBuildPhase section */

/* Begin PBXGroup section */
		320AA9F428FC16B700EC7C8A = {
			isa = PBXGroup;
			children = (
				320AA9FF28FC16B700EC7C8A /* Imageverse */,
				320AA9FE28FC16B700EC7C8A /* Products */,
			);
			sourceTree = "<group>";
		};
		320AA9FE28FC16B700EC7C8A /* Products */ = {
			isa = PBXGroup;
			children = (
				320AA9FD28FC16B700EC7C8A /* Imageverse.app */,
			);
			name = Products;
			sourceTree = "<group>";
		};
		320AA9FF28FC16B700EC7C8A /* Imageverse */ = {
			isa = PBXGroup;
			children = (
				320AAA2128FC1A3500EC7C8A /* supporting files */,
				320AAA2028FC1A2B00EC7C8A /* delegates */,
				320AAA1F28FC1A0800EC7C8A /* resources */,
				320AAA1E28FC19F800EC7C8A /* ui */,
				320AAA1D28FC19E000EC7C8A /* viewcontroller */,
				320AAA1C28FC19DB00EC7C8A /* views */,
				320AAA1B28FC19C700EC7C8A /* model */,
			);
			path = Imageverse;
			sourceTree = "<group>";
		};
		320AAA1B28FC19C700EC7C8A /* model */ = {
			isa = PBXGroup;
			children = (
			);
			path = model;
			sourceTree = "<group>";
		};
		320AAA1C28FC19DB00EC7C8A /* views */ = {
			isa = PBXGroup;
			children = (
				32B17EBA28FC287700482C4F /* imageCellView.swift */,
			);
			path = views;
			sourceTree = "<group>";
		};
		320AAA1D28FC19E000EC7C8A /* viewcontroller */ = {
			isa = PBXGroup;
			children = (
				320AAA0428FC16B700EC7C8A /* ViewController.swift */,
			);
			path = viewcontroller;
			sourceTree = "<group>";
		};
		320AAA1E28FC19F800EC7C8A /* ui */ = {
			isa = PBXGroup;
			children = (
				320AAA0628FC16B700EC7C8A /* Main.storyboard */,
				320AAA0B28FC16BC00EC7C8A /* LaunchScreen.storyboard */,
			);
			path = ui;
			sourceTree = "<group>";
		};
		320AAA1F28FC1A0800EC7C8A /* resources */ = {
			isa = PBXGroup;
			children = (
				320AAA0928FC16BC00EC7C8A /* Assets.xcassets */,
			);
			path = resources;
			sourceTree = "<group>";
		};
		320AAA2028FC1A2B00EC7C8A /* delegates */ = {
			isa = PBXGroup;
			children = (
				320AAA0028FC16B700EC7C8A /* AppDelegate.swift */,
				320AAA0228FC16B700EC7C8A /* SceneDelegate.swift */,
			);
			path = delegates;
			sourceTree = "<group>";
		};
		320AAA2128FC1A3500EC7C8A /* supporting files */ = {
			isa = PBXGroup;
			children = (
				320AAA0E28FC16BC00EC7C8A /* Info.plist */,
			);
			path = "supporting files";
			sourceTree = "<group>";
		};
/* End PBXGroup section */

/* Begin PBXNativeTarget section */
		320AA9FC28FC16B700EC7C8A /* Imageverse */ = {
			isa = PBXNativeTarget;
			buildConfigurationList = 320AAA1128FC16BC00EC7C8A /* Build configuration list for PBXNativeTarget "Imageverse" */;
			buildPhases = (
				320AA9F928FC16B700EC7C8A /* Sources */,
				320AA9FA28FC16B700EC7C8A /* Frameworks */,
				320AA9FB28FC16B700EC7C8A /* Resources */,
			);
			buildRules = (
			);
			dependencies = (
			);
			name = Imageverse;
			productName = Imageverse;
			productReference = 320AA9FD28FC16B700EC7C8A /* Imageverse.app */;
			productType = "com.apple.product-type.application";
		};
/* End PBXNativeTarget section */

/* Begin PBXProject section */
		320AA9F528FC16B700EC7C8A /* Project object */ = {
			isa = PBXProject;
			attributes = {
				BuildIndependentTargetsInParallel = 1;
				LastSwiftUpdateCheck = 1400;
				LastUpgradeCheck = 1400;
				TargetAttributes = {
					320AA9FC28FC16B700EC7C8A = {
						CreatedOnToolsVersion = 14.0.1;
					};
				};
			};
			buildConfigurationList = 320AA9F828FC16B700EC7C8A /* Build configuration list for PBXProject "Imageverse" */;
			compatibilityVersion = "Xcode 14.0";
			developmentRegion = en;
			hasScannedForEncodings = 0;
			knownRegions = (
				en,
				Base,
			);
			mainGroup = 320AA9F428FC16B700EC7C8A;
			productRefGroup = 320AA9FE28FC16B700EC7C8A /* Products */;
			projectDirPath = "";
			projectRoot = "";
			targets = (
				320AA9FC28FC16B700EC7C8A /* Imageverse */,
			);
		};
/* End PBXProject section */

/* Begin PBXResourcesBuildPhase section */
		320AA9FB28FC16B700EC7C8A /* Resources */ = {
			isa = PBXResourcesBuildPhase;
			buildActionMask = 2147483647;
			files = (
				320AAA0D28FC16BC00EC7C8A /* LaunchScreen.storyboard in Resources */,
				320AAA0A28FC16BC00EC7C8A /* Assets.xcassets in Resources */,
				320AAA0828FC16B700EC7C8A /* Main.storyboard in Resources */,
			);
			runOnlyForDeploymentPostprocessing = 0;
		};
/* End PBXResourcesBuildPhase section */

/* Begin PBXSourcesBuildPhase section */
		320AA9F928FC16B700EC7C8A /* Sources */ = {
			isa = PBXSourcesBuildPhase;
			buildActionMask = 2147483647;
			files = (
				32B17EBB28FC287700482C4F /* imageCellView.swift in Sources */,
				320AAA0528FC16B700EC7C8A /* ViewController.swift in Sources */,
				320AAA0128FC16B700EC7C8A /* AppDelegate.swift in Sources */,
				320AAA0328FC16B700EC7C8A /* SceneDelegate.swift in Sources */,
			);
			runOnlyForDeploymentPostprocessing = 0;
		};
/* End PBXSourcesBuildPhase section */

/* Begin PBXVariantGroup section */
		320AAA0628FC16B700EC7C8A /* Main.storyboard */ = {
			isa = PBXVariantGroup;
			children = (
				320AAA0728FC16B700EC7C8A /* Base */,
			);
			name = Main.storyboard;
			sourceTree = "<group>";
		};
		320AAA0B28FC16BC00EC7C8A /* LaunchScreen.storyboard */ = {
			isa = PBXVariantGroup;
			children = (
				320AAA0C28FC16BC00EC7C8A /* Base */,
			);
			name = LaunchScreen.storyboard;
			sourceTree = "<group>";
		};
/* End PBXVariantGroup section */

/* Begin XCBuildConfiguration section */
		320AAA0F28FC16BC00EC7C8A /* Debug */ = {
			isa = XCBuildConfiguration;
			buildSettings = {
				ALWAYS_SEARCH_USER_PATHS = NO;
				CLANG_ANALYZER_NONNULL = YES;
				CLANG_ANALYZER_NUMBER_OBJECT_CONVERSION = YES_AGGRESSIVE;
				CLANG_CXX_LANGUAGE_STANDARD = "gnu++20";
				CLANG_ENABLE_MODULES = YES;
				CLANG_ENABLE_OBJC_ARC = YES;
				CLANG_ENABLE_OBJC_WEAK = YES;
				CLANG_WARN_BLOCK_CAPTURE_AUTORELEASING = YES;
				CLANG_WARN_BOOL_CONVERSION = YES;
				CLANG_WARN_COMMA = YES;
				CLANG_WARN_CONSTANT_CONVERSION = YES;
				CLANG_WARN_DEPRECATED_OBJC_IMPLEMENTATIONS = YES;
				CLANG_WARN_DIRECT_OBJC_ISA_USAGE = YES_ERROR;
				CLANG_WARN_DOCUMENTATION_COMMENTS = YES;
				CLANG_WARN_EMPTY_BODY = YES;
				CLANG_WARN_ENUM_CONVERSION = YES;
				CLANG_WARN_INFINITE_RECURSION = YES;
				CLANG_WARN_INT_CONVERSION = YES;
				CLANG_WARN_NON_LITERAL_NULL_CONVERSION = YES;
				CLANG_WARN_OBJC_IMPLICIT_RETAIN_SELF = YES;
				CLANG_WARN_OBJC_LITERAL_CONVERSION = YES;
				CLANG_WARN_OBJC_ROOT_CLASS = YES_ERROR;
				CLANG_WARN_QUOTED_INCLUDE_IN_FRAMEWORK_HEADER = YES;
				CLANG_WARN_RANGE_LOOP_ANALYSIS = YES;
				CLANG_WARN_STRICT_PROTOTYPES = YES;
				CLANG_WARN_SUSPICIOUS_MOVE = YES;
				CLANG_WARN_UNGUARDED_AVAILABILITY = YES_AGGRESSIVE;
				CLANG_WARN_UNREACHABLE_CODE = YES;
				CLANG_WARN__DUPLICATE_METHOD_MATCH = YES;
				COPY_PHASE_STRIP = NO;
				DEBUG_INFORMATION_FORMAT = dwarf;
				ENABLE_STRICT_OBJC_MSGSEND = YES;
				ENABLE_TESTABILITY = YES;
				GCC_C_LANGUAGE_STANDARD = gnu11;
				GCC_DYNAMIC_NO_PIC = NO;
				GCC_NO_COMMON_BLOCKS = YES;
				GCC_OPTIMIZATION_LEVEL = 0;
				GCC_PREPROCESSOR_DEFINITIONS = (
					"DEBUG=1",
					"$(inherited)",
				);
				GCC_WARN_64_TO_32_BIT_CONVERSION = YES;
				GCC_WARN_ABOUT_RETURN_TYPE = YES_ERROR;
				GCC_WARN_UNDECLARED_SELECTOR = YES;
				GCC_WARN_UNINITIALIZED_AUTOS = YES_AGGRESSIVE;
				GCC_WARN_UNUSED_FUNCTION = YES;
				GCC_WARN_UNUSED_VARIABLE = YES;
				IPHONEOS_DEPLOYMENT_TARGET = 16.0;
				MTL_ENABLE_DEBUG_INFO = INCLUDE_SOURCE;
				MTL_FAST_MATH = YES;
				ONLY_ACTIVE_ARCH = YES;
				SDKROOT = iphoneos;
				SWIFT_ACTIVE_COMPILATION_CONDITIONS = DEBUG;
				SWIFT_OPTIMIZATION_LEVEL = "-Onone";
			};
			name = Debug;
		};
		320AAA1028FC16BC00EC7C8A /* Release */ = {
			isa = XCBuildConfiguration;
			buildSettings = {
				ALWAYS_SEARCH_USER_PATHS = NO;
				CLANG_ANALYZER_NONNULL = YES;
				CLANG_ANALYZER_NUMBER_OBJECT_CONVERSION = YES_AGGRESSIVE;
				CLANG_CXX_LANGUAGE_STANDARD = "gnu++20";
				CLANG_ENABLE_MODULES = YES;
				CLANG_ENABLE_OBJC_ARC = YES;
				CLANG_ENABLE_OBJC_WEAK = YES;
				CLANG_WARN_BLOCK_CAPTURE_AUTORELEASING = YES;
				CLANG_WARN_BOOL_CONVERSION = YES;
				CLANG_WARN_COMMA = YES;
				CLANG_WARN_CONSTANT_CONVERSION = YES;
				CLANG_WARN_DEPRECATED_OBJC_IMPLEMENTATIONS = YES;
				CLANG_WARN_DIRECT_OBJC_ISA_USAGE = YES_ERROR;
				CLANG_WARN_DOCUMENTATION_COMMENTS = YES;
				CLANG_WARN_EMPTY_BODY = YES;
				CLANG_WARN_ENUM_CONVERSION = YES;
				CLANG_WARN_INFINITE_RECURSION = YES;
				CLANG_WARN_INT_CONVERSION = YES;
				CLANG_WARN_NON_LITERAL_NULL_CONVERSION = YES;
				CLANG_WARN_OBJC_IMPLICIT_RETAIN_SELF = YES;
				CLANG_WARN_OBJC_LITERAL_CONVERSION = YES;
				CLANG_WARN_OBJC_ROOT_CLASS = YES_ERROR;
				CLANG_WARN_QUOTED_INCLUDE_IN_FRAMEWORK_HEADER = YES;
				CLANG_WARN_RANGE_LOOP_ANALYSIS = YES;
				CLANG_WARN_STRICT_PROTOTYPES = YES;
				CLANG_WARN_SUSPICIOUS_MOVE = YES;
				CLANG_WARN_UNGUARDED_AVAILABILITY = YES_AGGRESSIVE;
				CLANG_WARN_UNREACHABLE_CODE = YES;
				CLANG_WARN__DUPLICATE_METHOD_MATCH = YES;
				COPY_PHASE_STRIP = NO;
				DEBUG_INFORMATION_FORMAT = "dwarf-with-dsym";
				ENABLE_NS_ASSERTIONS = NO;
				ENABLE_STRICT_OBJC_MSGSEND = YES;
				GCC_C_LANGUAGE_STANDARD = gnu11;
				GCC_NO_COMMON_BLOCKS = YES;
				GCC_WARN_64_TO_32_BIT_CONVERSION = YES;
				GCC_WARN_ABOUT_RETURN_TYPE = YES_ERROR;
				GCC_WARN_UNDECLARED_SELECTOR = YES;
				GCC_WARN_UNINITIALIZED_AUTOS = YES_AGGRESSIVE;
				GCC_WARN_UNUSED_FUNCTION = YES;
				GCC_WARN_UNUSED_VARIABLE = YES;
				IPHONEOS_DEPLOYMENT_TARGET = 16.0;
				MTL_ENABLE_DEBUG_INFO = NO;
				MTL_FAST_MATH = YES;
				SDKROOT = iphoneos;
				SWIFT_COMPILATION_MODE = wholemodule;
				SWIFT_OPTIMIZATION_LEVEL = "-O";
				VALIDATE_PRODUCT = YES;
			};
			name = Release;
		};
		320AAA1228FC16BC00EC7C8A /* Debug */ = {
			isa = XCBuildConfiguration;
			buildSettings = {
				ASSETCATALOG_COMPILER_APPICON_NAME = AppIcon;
				ASSETCATALOG_COMPILER_GLOBAL_ACCENT_COLOR_NAME = AccentColor;
				CODE_SIGN_STYLE = Automatic;
				CURRENT_PROJECT_VERSION = 1;
				DEVELOPMENT_TEAM = QP9MX3J7UD;
				GENERATE_INFOPLIST_FILE = YES;
				INFOPLIST_FILE = Imageverse/Info.plist;
				INFOPLIST_KEY_UIApplicationSupportsIndirectInputEvents = YES;
				INFOPLIST_KEY_UILaunchStoryboardName = LaunchScreen;
				INFOPLIST_KEY_UIMainStoryboardFile = Main;
				INFOPLIST_KEY_UISupportedInterfaceOrientations_iPad = "UIInterfaceOrientationPortrait UIInterfaceOrientationPortraitUpsideDown UIInterfaceOrientationLandscapeLeft UIInterfaceOrientationLandscapeRight";
				INFOPLIST_KEY_UISupportedInterfaceOrientations_iPhone = "UIInterfaceOrientationPortrait UIInterfaceOrientationLandscapeLeft UIInterfaceOrientationLandscapeRight";
				LD_RUNPATH_SEARCH_PATHS = (
					"$(inherited)",
					"@executable_path/Frameworks",
				);
				MARKETING_VERSION = 1.0;
				PRODUCT_BUNDLE_IDENTIFIER = com.vivektechyogi.app.Imageverse;
				PRODUCT_NAME = "$(TARGET_NAME)";
				SWIFT_EMIT_LOC_STRINGS = YES;
				SWIFT_VERSION = 5.0;
				TARGETED_DEVICE_FAMILY = "1,2";
			};
			name = Debug;
		};
		320AAA1328FC16BC00EC7C8A /* Release */ = {
			isa = XCBuildConfiguration;
			buildSettings = {
				ASSETCATALOG_COMPILER_APPICON_NAME = AppIcon;
				ASSETCATALOG_COMPILER_GLOBAL_ACCENT_COLOR_NAME = AccentColor;
				CODE_SIGN_STYLE = Automatic;
				CURRENT_PROJECT_VERSION = 1;
				DEVELOPMENT_TEAM = QP9MX3J7UD;
				GENERATE_INFOPLIST_FILE = YES;
				INFOPLIST_FILE = Imageverse/Info.plist;
				INFOPLIST_KEY_UIApplicationSupportsIndirectInputEvents = YES;
				INFOPLIST_KEY_UILaunchStoryboardName = LaunchScreen;
				INFOPLIST_KEY_UIMainStoryboardFile = Main;
				INFOPLIST_KEY_UISupportedInterfaceOrientations_iPad = "UIInterfaceOrientationPortrait UIInterfaceOrientationPortraitUpsideDown UIInterfaceOrientationLandscapeLeft UIInterfaceOrientationLandscapeRight";
				INFOPLIST_KEY_UISupportedInterfaceOrientations_iPhone = "UIInterfaceOrientationPortrait UIInterfaceOrientationLandscapeLeft UIInterfaceOrientationLandscapeRight";
				LD_RUNPATH_SEARCH_PATHS = (
					"$(inherited)",
					"@executable_path/Frameworks",
				);
				MARKETING_VERSION = 1.0;
				PRODUCT_BUNDLE_IDENTIFIER = com.vivektechyogi.app.Imageverse;
				PRODUCT_NAME = "$(TARGET_NAME)";
				SWIFT_EMIT_LOC_STRINGS = YES;
				SWIFT_VERSION = 5.0;
				TARGETED_DEVICE_FAMILY = "1,2";
			};
			name = Release;
		};
/* End XCBuildConfiguration section */

/* Begin XCConfigurationList section */
		320AA9F828FC16B700EC7C8A /* Build configuration list for PBXProject "Imageverse" */ = {
			isa = XCConfigurationList;
			buildConfigurations = (
				320AAA0F28FC16BC00EC7C8A /* Debug */,
				320AAA1028FC16BC00EC7C8A /* Release */,
			);
			defaultConfigurationIsVisible = 0;
			defaultConfigurationName = Release;
		};
		320AAA1128FC16BC00EC7C8A /* Build configuration list for PBXNativeTarget "Imageverse" */ = {
			isa = XCConfigurationList;
			buildConfigurations = (
				320AAA1228FC16BC00EC7C8A /* Debug */,
				320AAA1328FC16BC00EC7C8A /* Release */,
			);
			defaultConfigurationIsVisible = 0;
			defaultConfigurationName = Release;
		};
/* End XCConfigurationList section */
	};
	rootObject = 320AA9F528FC16B700EC7C8A /* Project object */;
}
